// !$*UTF8*$!
{
	archiveVersion = 1;
	classes = {
	};
	objectVersion = 46;
	objects = {

/* Begin PBXBuildFile section */
		E59C9E7E1C7159EB00DB1182 /* Assets.xcassets in Resources */ = {isa = PBXBuildFile; fileRef = E59C9E7D1C7159EB00DB1182 /* Assets.xcassets */; };
		E59C9E8D1C715A2B00DB1182 /* ActivityItem.swift in Sources */ = {isa = PBXBuildFile; fileRef = E59C9E891C715A2B00DB1182 /* ActivityItem.swift */; };
		E59C9E8E1C715A2B00DB1182 /* NSDateExtension.swift in Sources */ = {isa = PBXBuildFile; fileRef = E59C9E8A1C715A2B00DB1182 /* NSDateExtension.swift */; };
		E59C9E8F1C715A2B00DB1182 /* Quote.swift in Sources */ = {isa = PBXBuildFile; fileRef = E59C9E8B1C715A2B00DB1182 /* Quote.swift */; };
		E59C9E901C715A2B00DB1182 /* Quotes.swift in Sources */ = {isa = PBXBuildFile; fileRef = E59C9E8C1C715A2B00DB1182 /* Quotes.swift */; };
		E59C9E921C715A5D00DB1182 /* AppDelegate.swift in Sources */ = {isa = PBXBuildFile; fileRef = E59C9E911C715A5D00DB1182 /* AppDelegate.swift */; };
		E59C9E951C715A9000DB1182 /* Main.storyboard in Resources */ = {isa = PBXBuildFile; fileRef = E59C9E931C715A9000DB1182 /* Main.storyboard */; };
		E59C9E961C715A9000DB1182 /* LaunchScreen.storyboard in Resources */ = {isa = PBXBuildFile; fileRef = E59C9E941C715A9000DB1182 /* LaunchScreen.storyboard */; };
		E59C9E9A1C715AA100DB1182 /* AssholeView.swift in Sources */ = {isa = PBXBuildFile; fileRef = E59C9E971C715AA100DB1182 /* AssholeView.swift */; };
		E59C9E9B1C715AA100DB1182 /* MenuView.swift in Sources */ = {isa = PBXBuildFile; fileRef = E59C9E981C715AA100DB1182 /* MenuView.swift */; };
		E59C9E9C1C715AA100DB1182 /* RoundedButton.swift in Sources */ = {isa = PBXBuildFile; fileRef = E59C9E991C715AA100DB1182 /* RoundedButton.swift */; };
		E59C9EA01C715AAD00DB1182 /* QuoteViewController.swift in Sources */ = {isa = PBXBuildFile; fileRef = E59C9E9D1C715AAD00DB1182 /* QuoteViewController.swift */; };
		E59C9EA11C715AAD00DB1182 /* MenuViewController.swift in Sources */ = {isa = PBXBuildFile; fileRef = E59C9E9E1C715AAD00DB1182 /* MenuViewController.swift */; };
		E59C9EA21C715AAD00DB1182 /* AboutViewController.swift in Sources */ = {isa = PBXBuildFile; fileRef = E59C9E9F1C715AAD00DB1182 /* AboutViewController.swift */; };
/* End PBXBuildFile section */

/* Begin PBXFileReference section */
		E59C9E731C7159EB00DB1182 /* FScottaDay.app */ = {isa = PBXFileReference; explicitFileType = wrapper.application; includeInIndex = 0; path = FScottaDay.app; sourceTree = BUILT_PRODUCTS_DIR; };
		E59C9E7D1C7159EB00DB1182 /* Assets.xcassets */ = {isa = PBXFileReference; lastKnownFileType = folder.assetcatalog; path = Assets.xcassets; sourceTree = "<group>"; };
		E59C9E821C7159EB00DB1182 /* Info.plist */ = {isa = PBXFileReference; lastKnownFileType = text.plist.xml; path = Info.plist; sourceTree = "<group>"; };
		E59C9E891C715A2B00DB1182 /* ActivityItem.swift */ = {isa = PBXFileReference; fileEncoding = 4; lastKnownFileType = sourcecode.swift; path = ActivityItem.swift; sourceTree = "<group>"; };
		E59C9E8A1C715A2B00DB1182 /* NSDateExtension.swift */ = {isa = PBXFileReference; fileEncoding = 4; lastKnownFileType = sourcecode.swift; path = NSDateExtension.swift; sourceTree = "<group>"; };
		E59C9E8B1C715A2B00DB1182 /* Quote.swift */ = {isa = PBXFileReference; fileEncoding = 4; lastKnownFileType = sourcecode.swift; path = Quote.swift; sourceTree = "<group>"; };
		E59C9E8C1C715A2B00DB1182 /* Quotes.swift */ = {isa = PBXFileReference; fileEncoding = 4; lastKnownFileType = sourcecode.swift; path = Quotes.swift; sourceTree = "<group>"; };
		E59C9E911C715A5D00DB1182 /* AppDelegate.swift */ = {isa = PBXFileReference; fileEncoding = 4; lastKnownFileType = sourcecode.swift; path = AppDelegate.swift; sourceTree = "<group>"; };
		E59C9E931C715A9000DB1182 /* Main.storyboard */ = {isa = PBXFileReference; fileEncoding = 4; lastKnownFileType = file.storyboard; path = Main.storyboard; sourceTree = "<group>"; };
		E59C9E941C715A9000DB1182 /* LaunchScreen.storyboard */ = {isa = PBXFileReference; fileEncoding = 4; lastKnownFileType = file.storyboard; path = LaunchScreen.storyboard; sourceTree = "<group>"; };
		E59C9E971C715AA100DB1182 /* AssholeView.swift */ = {isa = PBXFileReference; fileEncoding = 4; lastKnownFileType = sourcecode.swift; path = AssholeView.swift; sourceTree = "<group>"; };
		E59C9E981C715AA100DB1182 /* MenuView.swift */ = {isa = PBXFileReference; fileEncoding = 4; lastKnownFileType = sourcecode.swift; path = MenuView.swift; sourceTree = "<group>"; };
		E59C9E991C715AA100DB1182 /* RoundedButton.swift */ = {isa = PBXFileReference; fileEncoding = 4; lastKnownFileType = sourcecode.swift; path = RoundedButton.swift; sourceTree = "<group>"; };
		E59C9E9D1C715AAD00DB1182 /* QuoteViewController.swift */ = {isa = PBXFileReference; fileEncoding = 4; lastKnownFileType = sourcecode.swift; path = QuoteViewController.swift; sourceTree = "<group>"; };
		E59C9E9E1C715AAD00DB1182 /* MenuViewController.swift */ = {isa = PBXFileReference; fileEncoding = 4; lastKnownFileType = sourcecode.swift; path = MenuViewController.swift; sourceTree = "<group>"; };
		E59C9E9F1C715AAD00DB1182 /* AboutViewController.swift */ = {isa = PBXFileReference; fileEncoding = 4; lastKnownFileType = sourcecode.swift; path = AboutViewController.swift; sourceTree = "<group>"; };
/* End PBXFileReference section */

/* Begin PBXFrameworksBuildPhase section */
		E59C9E701C7159EB00DB1182 /* Frameworks */ = {
			isa = PBXFrameworksBuildPhase;
			buildActionMask = 2147483647;
			files = (
			);
			runOnlyForDeploymentPostprocessing = 0;
		};
/* End PBXFrameworksBuildPhase section */

/* Begin PBXGroup section */
		E59C9E6A1C7159EB00DB1182 = {
			isa = PBXGroup;
			children = (
				E59C9E751C7159EB00DB1182 /* FScottaDay */,
				E59C9E741C7159EB00DB1182 /* Products */,
			);
			sourceTree = "<group>";
		};
		E59C9E741C7159EB00DB1182 /* Products */ = {
			isa = PBXGroup;
			children = (
				E59C9E731C7159EB00DB1182 /* FScottaDay.app */,
			);
			name = Products;
			sourceTree = "<group>";
		};
		E59C9E751C7159EB00DB1182 /* FScottaDay */ = {
			isa = PBXGroup;
			children = (
				E59C9E911C715A5D00DB1182 /* AppDelegate.swift */,
				E59C9EA31C715ACA00DB1182 /* VCs */,
				E59C9EA51C715B1400DB1182 /* Storyboards */,
				E59C9EA41C715AEA00DB1182 /* Views */,
				E59C9E881C715A1500DB1182 /* Models */,
				E59C9E7D1C7159EB00DB1182 /* Assets.xcassets */,
				E59C9E821C7159EB00DB1182 /* Info.plist */,
			);
			path = FScottaDay;
			sourceTree = "<group>";
		};
		E59C9E881C715A1500DB1182 /* Models */ = {
			isa = PBXGroup;
			children = (
				E59C9E891C715A2B00DB1182 /* ActivityItem.swift */,
				E59C9E8A1C715A2B00DB1182 /* NSDateExtension.swift */,
				E59C9E8B1C715A2B00DB1182 /* Quote.swift */,
				E59C9E8C1C715A2B00DB1182 /* Quotes.swift */,
			);
			name = Models;
			sourceTree = "<group>";
		};
		E59C9EA31C715ACA00DB1182 /* VCs */ = {
			isa = PBXGroup;
			children = (
				E59C9E9F1C715AAD00DB1182 /* AboutViewController.swift */,
				E59C9E9E1C715AAD00DB1182 /* MenuViewController.swift */,
				E59C9E9D1C715AAD00DB1182 /* QuoteViewController.swift */,
			);
			name = VCs;
			sourceTree = "<group>";
		};
		E59C9EA41C715AEA00DB1182 /* Views */ = {
			isa = PBXGroup;
			children = (
				E59C9E971C715AA100DB1182 /* AssholeView.swift */,
				E59C9E981C715AA100DB1182 /* MenuView.swift */,
				E59C9E991C715AA100DB1182 /* RoundedButton.swift */,
			);
			name = Views;
			sourceTree = "<group>";
		};
		E59C9EA51C715B1400DB1182 /* Storyboards */ = {
			isa = PBXGroup;
			children = (
				E59C9E931C715A9000DB1182 /* Main.storyboard */,
				E59C9E941C715A9000DB1182 /* LaunchScreen.storyboard */,
			);
			name = Storyboards;
			sourceTree = "<group>";
		};
/* End PBXGroup section */

/* Begin PBXNativeTarget section */
		E59C9E721C7159EB00DB1182 /* FScottaDay */ = {
			isa = PBXNativeTarget;
			buildConfigurationList = E59C9E851C7159EB00DB1182 /* Build configuration list for PBXNativeTarget "FScottaDay" */;
			buildPhases = (
				E59C9E6F1C7159EB00DB1182 /* Sources */,
				E59C9E701C7159EB00DB1182 /* Frameworks */,
				E59C9E711C7159EB00DB1182 /* Resources */,
			);
			buildRules = (
			);
			dependencies = (
			);
			name = FScottaDay;
			productName = FScottaDay;
			productReference = E59C9E731C7159EB00DB1182 /* FScottaDay.app */;
			productType = "com.apple.product-type.application";
		};
/* End PBXNativeTarget section */

/* Begin PBXProject section */
		E59C9E6B1C7159EB00DB1182 /* Project object */ = {
			isa = PBXProject;
			attributes = {
				LastSwiftUpdateCheck = 0720;
				LastUpgradeCheck = 0720;
				ORGANIZATIONNAME = beep;
				TargetAttributes = {
					E59C9E721C7159EB00DB1182 = {
						CreatedOnToolsVersion = 7.2.1;
					};
				};
			};
			buildConfigurationList = E59C9E6E1C7159EB00DB1182 /* Build configuration list for PBXProject "FScottaDay" */;
			compatibilityVersion = "Xcode 3.2";
			developmentRegion = English;
			hasScannedForEncodings = 0;
			knownRegions = (
				en,
				Base,
			);
			mainGroup = E59C9E6A1C7159EB00DB1182;
			productRefGroup = E59C9E741C7159EB00DB1182 /* Products */;
			projectDirPath = "";
			projectRoot = "";
			targets = (
				E59C9E721C7159EB00DB1182 /* FScottaDay */,
			);
		};
/* End PBXProject section */

/* Begin PBXResourcesBuildPhase section */
		E59C9E711C7159EB00DB1182 /* Resources */ = {
			isa = PBXResourcesBuildPhase;
			buildActionMask = 2147483647;
			files = (
				E59C9E961C715A9000DB1182 /* LaunchScreen.storyboard in Resources */,
				E59C9E7E1C7159EB00DB1182 /* Assets.xcassets in Resources */,
				E59C9E951C715A9000DB1182 /* Main.storyboard in Resources */,
			);
			runOnlyForDeploymentPostprocessing = 0;
		};
/* End PBXResourcesBuildPhase section */

/* Begin PBXSourcesBuildPhase section */
		E59C9E6F1C7159EB00DB1182 /* Sources */ = {
			isa = PBXSourcesBuildPhase;
			buildActionMask = 2147483647;
			files = (
				E59C9E9B1C715AA100DB1182 /* MenuView.swift in Sources */,
				E59C9EA21C715AAD00DB1182 /* AboutViewController.swift in Sources */,
				E59C9EA11C715AAD00DB1182 /* MenuViewController.swift in Sources */,
				E59C9E8E1C715A2B00DB1182 /* NSDateExtension.swift in Sources */,
				E59C9E8D1C715A2B00DB1182 /* ActivityItem.swift in Sources */,
				E59C9EA01C715AAD00DB1182 /* QuoteViewController.swift in Sources */,
				E59C9E9C1C715AA100DB1182 /* RoundedButton.swift in Sources */,
				E59C9E901C715A2B00DB1182 /* Quotes.swift in Sources */,
				E59C9E921C715A5D00DB1182 /* AppDelegate.swift in Sources */,
				E59C9E9A1C715AA100DB1182 /* AssholeView.swift in Sources */,
				E59C9E8F1C715A2B00DB1182 /* Quote.swift in Sources */,
			);
			runOnlyForDeploymentPostprocessing = 0;
		};
/* End PBXSourcesBuildPhase section */

/* Begin XCBuildConfiguration section */
		E59C9E831C7159EB00DB1182 /* Debug */ = {
			isa = XCBuildConfiguration;
			buildSettings = {
				ALWAYS_SEARCH_USER_PATHS = NO;
				CLANG_CXX_LANGUAGE_STANDARD = "gnu++0x";
				CLANG_CXX_LIBRARY = "libc++";
				CLANG_ENABLE_MODULES = YES;
				CLANG_ENABLE_OBJC_ARC = YES;
				CLANG_WARN_BOOL_CONVERSION = YES;
				CLANG_WARN_CONSTANT_CONVERSION = YES;
				CLANG_WARN_DIRECT_OBJC_ISA_USAGE = YES_ERROR;
				CLANG_WARN_EMPTY_BODY = YES;
				CLANG_WARN_ENUM_CONVERSION = YES;
				CLANG_WARN_INT_CONVERSION = YES;
				CLANG_WARN_OBJC_ROOT_CLASS = YES_ERROR;
				CLANG_WARN_UNREACHABLE_CODE = YES;
				CLANG_WARN__DUPLICATE_METHOD_MATCH = YES;
				"CODE_SIGN_IDENTITY[sdk=iphoneos*]" = "iPhone Developer";
				COPY_PHASE_STRIP = NO;
				DEBUG_INFORMATION_FORMAT = dwarf;
				ENABLE_STRICT_OBJC_MSGSEND = YES;
				ENABLE_TESTABILITY = YES;
				GCC_C_LANGUAGE_STANDARD = gnu99;
				GCC_DYNAMIC_NO_PIC = NO;
				GCC_NO_COMMON_BLOCKS = YES;
				GCC_OPTIMIZATION_LEVEL = 0;
				GCC_PREPROCESSOR_DEFINITIONS = (
					"DEBUG=1",
					"$(inherited)",
				);
				GCC_WARN_64_TO_32_BIT_CONVERSION = YES;
				GCC_WARN_ABOUT_RETURN_TYPE = YES_ERROR;
				GCC_WARN_UNDECLARED_SELECTOR = YES;
				GCC_WARN_UNINITIALIZED_AUTOS = YES_AGGRESSIVE;
				GCC_WARN_UNUSED_FUNCTION = YES;
				GCC_WARN_UNUSED_VARIABLE = YES;
				IPHONEOS_DEPLOYMENT_TARGET = 9.2;
				MTL_ENABLE_DEBUG_INFO = YES;
				ONLY_ACTIVE_ARCH = YES;
				SDKROOT = iphoneos;
				SWIFT_OPTIMIZATION_LEVEL = "-Onone";
			};
			name = Debug;
		};
		E59C9E841C7159EB00DB1182 /* Release */ = {
			isa = XCBuildConfiguration;
			buildSettings = {
				ALWAYS_SEARCH_USER_PATHS = NO;
				CLANG_CXX_LANGUAGE_STANDARD = "gnu++0x";
				CLANG_CXX_LIBRARY = "libc++";
				CLANG_ENABLE_MODULES = YES;
				CLANG_ENABLE_OBJC_ARC = YES;
				CLANG_WARN_BOOL_CONVERSION = YES;
				CLANG_WARN_CONSTANT_CONVERSION = YES;
				CLANG_WARN_DIRECT_OBJC_ISA_USAGE = YES_ERROR;
				CLANG_WARN_EMPTY_BODY = YES;
				CLANG_WARN_ENUM_CONVERSION = YES;
				CLANG_WARN_INT_CONVERSION = YES;
				CLANG_WARN_OBJC_ROOT_CLASS = YES_ERROR;
				CLANG_WARN_UNREACHABLE_CODE = YES;
				CLANG_WARN__DUPLICATE_METHOD_MATCH = YES;
				"CODE_SIGN_IDENTITY[sdk=iphoneos*]" = "iPhone Developer";
				COPY_PHASE_STRIP = NO;
				DEBUG_INFORMATION_FORMAT = "dwarf-with-dsym";
				ENABLE_NS_ASSERTIONS = NO;
				ENABLE_STRICT_OBJC_MSGSEND = YES;
				GCC_C_LANGUAGE_STANDARD = gnu99;
				GCC_NO_COMMON_BLOCKS = YES;
				GCC_WARN_64_TO_32_BIT_CONVERSION = YES;
				GCC_WARN_ABOUT_RETURN_TYPE = YES_ERROR;
				GCC_WARN_UNDECLARED_SELECTOR = YES;
				GCC_WARN_UNINITIALIZED_AUTOS = YES_AGGRESSIVE;
				GCC_WARN_UNUSED_FUNCTION = YES;
				GCC_WARN_UNUSED_VARIABLE = YES;
				IPHONEOS_DEPLOYMENT_TARGET = 9.2;
				MTL_ENABLE_DEBUG_INFO = NO;
				SDKROOT = iphoneos;
				VALIDATE_PRODUCT = YES;
			};
			name = Release;
		};
		E59C9E861C7159EB00DB1182 /* Debug */ = {
			isa = XCBuildConfiguration;
			buildSettings = {
				ASSETCATALOG_COMPILER_APPICON_NAME = AppIcon;
				INFOPLIST_FILE = FScottaDay/Info.plist;
				LD_RUNPATH_SEARCH_PATHS = "$(inherited) @executable_path/Frameworks";
				PRODUCT_BUNDLE_IDENTIFIER = com.beep.FScottaDay;
				PRODUCT_NAME = "$(TARGET_NAME)";
			};
			name = Debug;
		};
		E59C9E871C7159EB00DB1182 /* Release */ = {
			isa = XCBuildConfiguration;
			buildSettings = {
				ASSETCATALOG_COMPILER_APPICON_NAME = AppIcon;
				INFOPLIST_FILE = FScottaDay/Info.plist;
				LD_RUNPATH_SEARCH_PATHS = "$(inherited) @executable_path/Frameworks";
				PRODUCT_BUNDLE_IDENTIFIER = com.beep.FScottaDay;
				PRODUCT_NAME = "$(TARGET_NAME)";
			};
			name = Release;
		};
/* End XCBuildConfiguration section */

/* Begin XCConfigurationList section */
		E59C9E6E1C7159EB00DB1182 /* Build configuration list for PBXProject "FScottaDay" */ = {
			isa = XCConfigurationList;
			buildConfigurations = (
				E59C9E831C7159EB00DB1182 /* Debug */,
				E59C9E841C7159EB00DB1182 /* Release */,
			);
			defaultConfigurationIsVisible = 0;
			defaultConfigurationName = Release;
		};
		E59C9E851C7159EB00DB1182 /* Build configuration list for PBXNativeTarget "FScottaDay" */ = {
			isa = XCConfigurationList;
			buildConfigurations = (
				E59C9E861C7159EB00DB1182 /* Debug */,
				E59C9E871C7159EB00DB1182 /* Release */,
			);
			defaultConfigurationIsVisible = 0;
		};
/* End XCConfigurationList section */
	};
	rootObject = E59C9E6B1C7159EB00DB1182 /* Project object */;
}
